
Microsoft Visual Studio Solution File, Format Version 12.00
# Visual Studio Version 17
VisualStudioVersion = 17.6.33723.286
MinimumVisualStudioVersion = 10.0.40219.1
Project("{9A19103F-16F7-4668-BE54-9A1E7A4F7556}") = "TraversalCoreProject", "TraversalCoreProject\TraversalCoreProject.csproj", "{87AFBEDB-ED5C-46EB-BEE3-875C7F8876E8}"
EndProject
Project("{9A19103F-16F7-4668-BE54-9A1E7A4F7556}") = "EntityLayer", "EntityLayer\EntityLayer.csproj", "{ECE158D8-AA42-4140-A9E3-1DC10A71DFA9}"
EndProject
Project("{9A19103F-16F7-4668-BE54-9A1E7A4F7556}") = "DataAccessLayer", "DataAccessLayer\DataAccessLayer.csproj", "{5C4392A3-CF5E-4A45-95BB-D58D1EB57808}"
EndProject
Project("{9A19103F-16F7-4668-BE54-9A1E7A4F7556}") = "BusinessLayer", "BusinessLayer\BusinessLayer.csproj", "{977B1A59-51DE-48F3-A4DE-B6223F1F03D5}"
EndProject
Project("{9A19103F-16F7-4668-BE54-9A1E7A4F7556}") = "DTOLayer", "DTOLayer\DTOLayer.csproj", "{BD027A85-D164-4A7A-8969-32329C836679}"
EndProject
Project("{9A19103F-16F7-4668-BE54-9A1E7A4F7556}") = "SignalRApi", "SignalRApi\SignalRApi.csproj", "{613435FC-FCA8-4FC8-91C2-E98F8BB0AC0D}"
EndProject
Project("{9A19103F-16F7-4668-BE54-9A1E7A4F7556}") = "SignalRConsume", "SignalRConsume\SignalRConsume.csproj", "{F15ABE3C-ACA0-463F-8275-45F8447FD9E6}"
EndProject
Project("{FAE04EC0-301F-11D3-BF4B-00C04F79EFBC}") = "SignalRApiForSQL", "SignalRApiForSQL\SignalRApiForSQL.csproj", "{59107B9F-DD60-4F03-A713-62895EE26C89}"
EndProject
Global
	GlobalSection(SolutionConfigurationPlatforms) = preSolution
		Debug|Any CPU = Debug|Any CPU
		Release|Any CPU = Release|Any CPU
	EndGlobalSection
	GlobalSection(ProjectConfigurationPlatforms) = postSolution
		{87AFBEDB-ED5C-46EB-BEE3-875C7F8876E8}.Debug|Any CPU.ActiveCfg = Debug|Any CPU
		{87AFBEDB-ED5C-46EB-BEE3-875C7F8876E8}.Debug|Any CPU.Build.0 = Debug|Any CPU
		{87AFBEDB-ED5C-46EB-BEE3-875C7F8876E8}.Release|Any CPU.ActiveCfg = Release|Any CPU
		{87AFBEDB-ED5C-46EB-BEE3-875C7F8876E8}.Release|Any CPU.Build.0 = Release|Any CPU
		{ECE158D8-AA42-4140-A9E3-1DC10A71DFA9}.Debug|Any CPU.ActiveCfg = Debug|Any CPU
		{ECE158D8-AA42-4140-A9E3-1DC10A71DFA9}.Debug|Any CPU.Build.0 = Debug|Any CPU
		{ECE158D8-AA42-4140-A9E3-1DC10A71DFA9}.Release|Any CPU.ActiveCfg = Release|Any CPU
		{ECE158D8-AA42-4140-A9E3-1DC10A71DFA9}.Release|Any CPU.Build.0 = Release|Any CPU
		{5C4392A3-CF5E-4A45-95BB-D58D1EB57808}.Debug|Any CPU.ActiveCfg = Debug|Any CPU
		{5C4392A3-CF5E-4A45-95BB-D58D1EB57808}.Debug|Any CPU.Build.0 = Debug|Any CPU
		{5C4392A3-CF5E-4A45-95BB-D58D1EB57808}.Release|Any CPU.ActiveCfg = Release|Any CPU
		{5C4392A3-CF5E-4A45-95BB-D58D1EB57808}.Release|Any CPU.Build.0 = Release|Any CPU
		{977B1A59-51DE-48F3-A4DE-B6223F1F03D5}.Debug|Any CPU.ActiveCfg = Debug|Any CPU
		{977B1A59-51DE-48F3-A4DE-B6223F1F03D5}.Debug|Any CPU.Build.0 = Debug|Any CPU
		{977B1A59-51DE-48F3-A4DE-B6223F1F03D5}.Release|Any CPU.ActiveCfg = Release|Any CPU
		{977B1A59-51DE-48F3-A4DE-B6223F1F03D5}.Release|Any CPU.Build.0 = Release|Any CPU
		{BD027A85-D164-4A7A-8969-32329C836679}.Debug|Any CPU.ActiveCfg = Debug|Any CPU
		{BD027A85-D164-4A7A-8969-32329C836679}.Debug|Any CPU.Build.0 = Debug|Any CPU
		{BD027A85-D164-4A7A-8969-32329C836679}.Release|Any CPU.ActiveCfg = Release|Any CPU
		{BD027A85-D164-4A7A-8969-32329C836679}.Release|Any CPU.Build.0 = Release|Any CPU
		{613435FC-FCA8-4FC8-91C2-E98F8BB0AC0D}.Debug|Any CPU.ActiveCfg = Debug|Any CPU
		{613435FC-FCA8-4FC8-91C2-E98F8BB0AC0D}.Debug|Any CPU.Build.0 = Debug|Any CPU
		{613435FC-FCA8-4FC8-91C2-E98F8BB0AC0D}.Release|Any CPU.ActiveCfg = Release|Any CPU
		{613435FC-FCA8-4FC8-91C2-E98F8BB0AC0D}.Release|Any CPU.Build.0 = Release|Any CPU
		{F15ABE3C-ACA0-463F-8275-45F8447FD9E6}.Debug|Any CPU.ActiveCfg = Debug|Any CPU
		{F15ABE3C-ACA0-463F-8275-45F8447FD9E6}.Debug|Any CPU.Build.0 = Debug|Any CPU
		{F15ABE3C-ACA0-463F-8275-45F8447FD9E6}.Release|Any CPU.ActiveCfg = Release|Any CPU
		{F15ABE3C-ACA0-463F-8275-45F8447FD9E6}.Release|Any CPU.Build.0 = Release|Any CPU
		{59107B9F-DD60-4F03-A713-62895EE26C89}.Debug|Any CPU.ActiveCfg = Debug|Any CPU
		{59107B9F-DD60-4F03-A713-62895EE26C89}.Debug|Any CPU.Build.0 = Debug|Any CPU
		{59107B9F-DD60-4F03-A713-62895EE26C89}.Release|Any CPU.ActiveCfg = Release|Any CPU
		{59107B9F-DD60-4F03-A713-62895EE26C89}.Release|Any CPU.Build.0 = Release|Any CPU
	EndGlobalSection
	GlobalSection(SolutionProperties) = preSolution
		HideSolutionNode = FALSE
	EndGlobalSection
	GlobalSection(ExtensibilityGlobals) = postSolution
		SolutionGuid = {A442C2B4-44CA-4120-BAE3-C4869A13531E}
	EndGlobalSection
EndGlobal
